
Microsoft Visual Studio Solution File, Format Version 12.00
# Visual Studio 15
VisualStudioVersion = 15.0.27130.2027
MinimumVisualStudioVersion = 10.0.40219.1
Project("{FAE04EC0-301F-11D3-BF4B-00C04F79EFBC}") = "PlanetWars", "PlanetWars\PlanetWars.csproj", "{653088DD-2159-49EB-9609-59FFAED8B8C2}"
EndProject
Project("{FAE04EC0-301F-11D3-BF4B-00C04F79EFBC}") = "PlanetWarsTest", "PlanetWarsTest\PlanetWarsTest.csproj", "{A0CC74BA-F624-4469-8323-39BF948C6C70}"
EndProject
Global
	GlobalSection(SolutionConfigurationPlatforms) = preSolution
		Debug|Any CPU = Debug|Any CPU
		Release|Any CPU = Release|Any CPU
	EndGlobalSection
	GlobalSection(ProjectConfigurationPlatforms) = postSolution
		{653088DD-2159-49EB-9609-59FFAED8B8C2}.Debug|Any CPU.ActiveCfg = Debug|Any CPU
		{653088DD-2159-49EB-9609-59FFAED8B8C2}.Debug|Any CPU.Build.0 = Debug|Any CPU
		{653088DD-2159-49EB-9609-59FFAED8B8C2}.Release|Any CPU.ActiveCfg = Release|Any CPU
		{653088DD-2159-49EB-9609-59FFAED8B8C2}.Release|Any CPU.Build.0 = Release|Any CPU
		{A0CC74BA-F624-4469-8323-39BF948C6C70}.Debug|Any CPU.ActiveCfg = Debug|Any CPU
		{A0CC74BA-F624-4469-8323-39BF948C6C70}.Debug|Any CPU.Build.0 = Debug|Any CPU
		{A0CC74BA-F624-4469-8323-39BF948C6C70}.Release|Any CPU.ActiveCfg = Release|Any CPU
		{A0CC74BA-F624-4469-8323-39BF948C6C70}.Release|Any CPU.Build.0 = Release|Any CPU
	EndGlobalSection
	GlobalSection(SolutionProperties) = preSolution
		HideSolutionNode = FALSE
	EndGlobalSection
	GlobalSection(ExtensibilityGlobals) = postSolution
		SolutionGuid = {DAE11875-F0AE-410E-A29C-5372DB379894}
	EndGlobalSection
EndGlobal
